
Microsoft Visual Studio Solution File, Format Version 12.00
# Visual Studio Version 17
VisualStudioVersion = 17.7.34009.444
MinimumVisualStudioVersion = 10.0.40219.1
Project("{9A19103F-16F7-4668-BE54-9A1E7A4F7556}") = "SchoolManagementNTAPI", "SchoolManagementNTAPI\SchoolManagementNTAPI.csproj", "{F5F11334-C833-4650-8B40-720D3C1331CE}"
EndProject
Project("{9A19103F-16F7-4668-BE54-9A1E7A4F7556}") = "SchoolManagementNTAPI.Data", "SchoolManagementNTAPI.Data\SchoolManagementNTAPI.Data.csproj", "{C9EBC0A1-28ED-4833-994E-086F3C78CD78}"
EndProject
Project("{9A19103F-16F7-4668-BE54-9A1E7A4F7556}") = "SchoolManagementNTAPI.Common", "SchoolManagementNTAPI.Common\SchoolManagementNTAPI.Common.csproj", "{5DCBBCC8-506C-4278-8D81-08719924E81B}"
EndProject
Project("{9A19103F-16F7-4668-BE54-9A1E7A4F7556}") = "SchoolManagementNTAPI.School", "SchoolManagementNTAPI.School\SchoolManagementNTAPI.School.csproj", "{A70159D1-86CA-4007-9BA7-F3DCC564AFFA}"
EndProject
Project("{9A19103F-16F7-4668-BE54-9A1E7A4F7556}") = "SchoolManagementNTAPI.Principal", "SchoolManagementNTAPI.Principal\SchoolManagementNTAPI.Principal.csproj", "{05E32C02-F657-493A-A44A-CA1491FBD9A0}"
EndProject
Project("{9A19103F-16F7-4668-BE54-9A1E7A4F7556}") = "SchoolManagementNTAPI.Professor", "SchoolManagementNTAPI.Professor\SchoolManagementNTAPI.Professor.csproj", "{90665BCF-EB03-40DD-B46C-13499F721997}"
EndProject
Project("{9A19103F-16F7-4668-BE54-9A1E7A4F7556}") = "SchoolManagementNTAPI.Subject", "SchoolManagementNTAPI.Subject\SchoolManagementNTAPI.Subject.csproj", "{93451ACE-CA26-4872-B4D3-CE1EAFAB20A4}"
EndProject
Project("{9A19103F-16F7-4668-BE54-9A1E7A4F7556}") = "SchoolManagementNTAPI.Student", "SchoolManagementNTAPI.Student\SchoolManagementNTAPI.Student.csproj", "{CF32411B-C372-4FE0-AB1C-94086A60B113}"
EndProject
Project("{9A19103F-16F7-4668-BE54-9A1E7A4F7556}") = "SchoolManagementNTAPI.Authentication", "SchoolManagementNTAPI.Authentication\SchoolManagementNTAPI.Authentication.csproj", "{AAB98C0A-C56D-499A-9EC2-3CB4D6D28530}"
EndProject
Project("{9A19103F-16F7-4668-BE54-9A1E7A4F7556}") = "SchoolManagementNTAPI.Role", "SchoolManagementNTAPI.Role\SchoolManagementNTAPI.Role.csproj", "{ACC86C8A-DE5A-4B86-9719-F12A1A941DB2}"
EndProject
Project("{9A19103F-16F7-4668-BE54-9A1E7A4F7556}") = "SchoolManagementNTAPI.AppUser", "SchoolManagementNTAPI.AppUser\SchoolManagementNTAPI.AppUser.csproj", "{1FBE8005-5D5A-4F05-89D5-7F44BE5364E7}"
EndProject
Project("{FAE04EC0-301F-11D3-BF4B-00C04F79EFBC}") = "SchoolManagementNTAPI.Notification", "SchoolManagementNTAPI.Notification\SchoolManagementNTAPI.Notification.csproj", "{8EA2CDBE-56C9-4461-AFDE-74D0AEA0FB05}"
EndProject
Global
	GlobalSection(SolutionConfigurationPlatforms) = preSolution
		Debug|Any CPU = Debug|Any CPU
		Release|Any CPU = Release|Any CPU
	EndGlobalSection
	GlobalSection(ProjectConfigurationPlatforms) = postSolution
		{F5F11334-C833-4650-8B40-720D3C1331CE}.Debug|Any CPU.ActiveCfg = Debug|Any CPU
		{F5F11334-C833-4650-8B40-720D3C1331CE}.Debug|Any CPU.Build.0 = Debug|Any CPU
		{F5F11334-C833-4650-8B40-720D3C1331CE}.Release|Any CPU.ActiveCfg = Release|Any CPU
		{F5F11334-C833-4650-8B40-720D3C1331CE}.Release|Any CPU.Build.0 = Release|Any CPU
		{C9EBC0A1-28ED-4833-994E-086F3C78CD78}.Debug|Any CPU.ActiveCfg = Debug|Any CPU
		{C9EBC0A1-28ED-4833-994E-086F3C78CD78}.Debug|Any CPU.Build.0 = Debug|Any CPU
		{C9EBC0A1-28ED-4833-994E-086F3C78CD78}.Release|Any CPU.ActiveCfg = Release|Any CPU
		{C9EBC0A1-28ED-4833-994E-086F3C78CD78}.Release|Any CPU.Build.0 = Release|Any CPU
		{5DCBBCC8-506C-4278-8D81-08719924E81B}.Debug|Any CPU.ActiveCfg = Debug|Any CPU
		{5DCBBCC8-506C-4278-8D81-08719924E81B}.Debug|Any CPU.Build.0 = Debug|Any CPU
		{5DCBBCC8-506C-4278-8D81-08719924E81B}.Release|Any CPU.ActiveCfg = Release|Any CPU
		{5DCBBCC8-506C-4278-8D81-08719924E81B}.Release|Any CPU.Build.0 = Release|Any CPU
		{A70159D1-86CA-4007-9BA7-F3DCC564AFFA}.Debug|Any CPU.ActiveCfg = Debug|Any CPU
		{A70159D1-86CA-4007-9BA7-F3DCC564AFFA}.Debug|Any CPU.Build.0 = Debug|Any CPU
		{A70159D1-86CA-4007-9BA7-F3DCC564AFFA}.Release|Any CPU.ActiveCfg = Release|Any CPU
		{A70159D1-86CA-4007-9BA7-F3DCC564AFFA}.Release|Any CPU.Build.0 = Release|Any CPU
		{05E32C02-F657-493A-A44A-CA1491FBD9A0}.Debug|Any CPU.ActiveCfg = Debug|Any CPU
		{05E32C02-F657-493A-A44A-CA1491FBD9A0}.Debug|Any CPU.Build.0 = Debug|Any CPU
		{05E32C02-F657-493A-A44A-CA1491FBD9A0}.Release|Any CPU.ActiveCfg = Release|Any CPU
		{05E32C02-F657-493A-A44A-CA1491FBD9A0}.Release|Any CPU.Build.0 = Release|Any CPU
		{90665BCF-EB03-40DD-B46C-13499F721997}.Debug|Any CPU.ActiveCfg = Debug|Any CPU
		{90665BCF-EB03-40DD-B46C-13499F721997}.Debug|Any CPU.Build.0 = Debug|Any CPU
		{90665BCF-EB03-40DD-B46C-13499F721997}.Release|Any CPU.ActiveCfg = Release|Any CPU
		{90665BCF-EB03-40DD-B46C-13499F721997}.Release|Any CPU.Build.0 = Release|Any CPU
		{93451ACE-CA26-4872-B4D3-CE1EAFAB20A4}.Debug|Any CPU.ActiveCfg = Debug|Any CPU
		{93451ACE-CA26-4872-B4D3-CE1EAFAB20A4}.Debug|Any CPU.Build.0 = Debug|Any CPU
		{93451ACE-CA26-4872-B4D3-CE1EAFAB20A4}.Release|Any CPU.ActiveCfg = Release|Any CPU
		{93451ACE-CA26-4872-B4D3-CE1EAFAB20A4}.Release|Any CPU.Build.0 = Release|Any CPU
		{CF32411B-C372-4FE0-AB1C-94086A60B113}.Debug|Any CPU.ActiveCfg = Debug|Any CPU
		{CF32411B-C372-4FE0-AB1C-94086A60B113}.Debug|Any CPU.Build.0 = Debug|Any CPU
		{CF32411B-C372-4FE0-AB1C-94086A60B113}.Release|Any CPU.ActiveCfg = Release|Any CPU
		{CF32411B-C372-4FE0-AB1C-94086A60B113}.Release|Any CPU.Build.0 = Release|Any CPU
		{AAB98C0A-C56D-499A-9EC2-3CB4D6D28530}.Debug|Any CPU.ActiveCfg = Debug|Any CPU
		{AAB98C0A-C56D-499A-9EC2-3CB4D6D28530}.Debug|Any CPU.Build.0 = Debug|Any CPU
		{AAB98C0A-C56D-499A-9EC2-3CB4D6D28530}.Release|Any CPU.ActiveCfg = Release|Any CPU
		{AAB98C0A-C56D-499A-9EC2-3CB4D6D28530}.Release|Any CPU.Build.0 = Release|Any CPU
		{ACC86C8A-DE5A-4B86-9719-F12A1A941DB2}.Debug|Any CPU.ActiveCfg = Debug|Any CPU
		{ACC86C8A-DE5A-4B86-9719-F12A1A941DB2}.Debug|Any CPU.Build.0 = Debug|Any CPU
		{ACC86C8A-DE5A-4B86-9719-F12A1A941DB2}.Release|Any CPU.ActiveCfg = Release|Any CPU
		{ACC86C8A-DE5A-4B86-9719-F12A1A941DB2}.Release|Any CPU.Build.0 = Release|Any CPU
		{1FBE8005-5D5A-4F05-89D5-7F44BE5364E7}.Debug|Any CPU.ActiveCfg = Debug|Any CPU
		{1FBE8005-5D5A-4F05-89D5-7F44BE5364E7}.Debug|Any CPU.Build.0 = Debug|Any CPU
		{1FBE8005-5D5A-4F05-89D5-7F44BE5364E7}.Release|Any CPU.ActiveCfg = Release|Any CPU
		{1FBE8005-5D5A-4F05-89D5-7F44BE5364E7}.Release|Any CPU.Build.0 = Release|Any CPU
		{8EA2CDBE-56C9-4461-AFDE-74D0AEA0FB05}.Debug|Any CPU.ActiveCfg = Debug|Any CPU
		{8EA2CDBE-56C9-4461-AFDE-74D0AEA0FB05}.Debug|Any CPU.Build.0 = Debug|Any CPU
		{8EA2CDBE-56C9-4461-AFDE-74D0AEA0FB05}.Release|Any CPU.ActiveCfg = Release|Any CPU
		{8EA2CDBE-56C9-4461-AFDE-74D0AEA0FB05}.Release|Any CPU.Build.0 = Release|Any CPU
	EndGlobalSection
	GlobalSection(SolutionProperties) = preSolution
		HideSolutionNode = FALSE
	EndGlobalSection
	GlobalSection(ExtensibilityGlobals) = postSolution
		SolutionGuid = {C312252E-3FD5-49A9-B02D-80DE96B9F47E}
	EndGlobalSection
EndGlobal
